
Microsoft Visual Studio Solution File, Format Version 12.00
# Visual Studio Version 16
VisualStudioVersion = 16.0.28803.202
MinimumVisualStudioVersion = 10.0.40219.1
Project("{FAE04EC0-301F-11D3-BF4B-00C04F79EFBC}") = "Palindrome", "Palindrome\Palindrome.csproj", "{D2B40FF7-DB9D-401E-8319-969C73C13B82}"
EndProject
Global
	GlobalSection(SolutionConfigurationPlatforms) = preSolution
		Debug|Any CPU = Debug|Any CPU
		Release|Any CPU = Release|Any CPU
	EndGlobalSection
	GlobalSection(ProjectConfigurationPlatforms) = postSolution
		{D2B40FF7-DB9D-401E-8319-969C73C13B82}.Debug|Any CPU.ActiveCfg = Debug|Any CPU
		{D2B40FF7-DB9D-401E-8319-969C73C13B82}.Debug|Any CPU.Build.0 = Debug|Any CPU
		{D2B40FF7-DB9D-401E-8319-969C73C13B82}.Release|Any CPU.ActiveCfg = Release|Any CPU
		{D2B40FF7-DB9D-401E-8319-969C73C13B82}.Release|Any CPU.Build.0 = Release|Any CPU
	EndGlobalSection
	GlobalSection(SolutionProperties) = preSolution
		HideSolutionNode = FALSE
	EndGlobalSection
	GlobalSection(ExtensibilityGlobals) = postSolution
		SolutionGuid = {525EF718-9C8E-4970-B99B-7BFA1AF06E7B}
	EndGlobalSection
EndGlobal
