
Microsoft Visual Studio Solution File, Format Version 12.00
# Visual Studio Version 16
VisualStudioVersion = 16.0.28803.202
MinimumVisualStudioVersion = 10.0.40219.1
Project("{FAE04EC0-301F-11D3-BF4B-00C04F79EFBC}") = "CorrectChange", "CorrectChange\CorrectChange.csproj", "{57212EC6-1CF2-42C4-9ED5-F061BE97EF60}"
EndProject
Global
	GlobalSection(SolutionConfigurationPlatforms) = preSolution
		Debug|Any CPU = Debug|Any CPU
		Release|Any CPU = Release|Any CPU
	EndGlobalSection
	GlobalSection(ProjectConfigurationPlatforms) = postSolution
		{57212EC6-1CF2-42C4-9ED5-F061BE97EF60}.Debug|Any CPU.ActiveCfg = Debug|Any CPU
		{57212EC6-1CF2-42C4-9ED5-F061BE97EF60}.Debug|Any CPU.Build.0 = Debug|Any CPU
		{57212EC6-1CF2-42C4-9ED5-F061BE97EF60}.Release|Any CPU.ActiveCfg = Release|Any CPU
		{57212EC6-1CF2-42C4-9ED5-F061BE97EF60}.Release|Any CPU.Build.0 = Release|Any CPU
	EndGlobalSection
	GlobalSection(SolutionProperties) = preSolution
		HideSolutionNode = FALSE
	EndGlobalSection
	GlobalSection(ExtensibilityGlobals) = postSolution
		SolutionGuid = {61F7FC31-462F-4A92-A7FD-DA78F200BA48}
	EndGlobalSection
EndGlobal
